
Microsoft Visual Studio Solution File, Format Version 12.00
# Visual Studio Version 17
VisualStudioVersion = 17.9.34616.47
MinimumVisualStudioVersion = 10.0.40219.1
Project("{FAE04EC0-301F-11D3-BF4B-00C04F79EFBC}") = "redpen", "redpen\redpen.csproj", "{380AA676-EF28-484C-AFB3-007A5651F869}"
EndProject
Global
	GlobalSection(SolutionConfigurationPlatforms) = preSolution
		Debug|Any CPU = Debug|Any CPU
		Release|Any CPU = Release|Any CPU
	EndGlobalSection
	GlobalSection(ProjectConfigurationPlatforms) = postSolution
		{380AA676-EF28-484C-AFB3-007A5651F869}.Debug|Any CPU.ActiveCfg = Debug|Any CPU
		{380AA676-EF28-484C-AFB3-007A5651F869}.Debug|Any CPU.Build.0 = Debug|Any CPU
		{380AA676-EF28-484C-AFB3-007A5651F869}.Release|Any CPU.ActiveCfg = Release|Any CPU
		{380AA676-EF28-484C-AFB3-007A5651F869}.Release|Any CPU.Build.0 = Release|Any CPU
	EndGlobalSection
	GlobalSection(SolutionProperties) = preSolution
		HideSolutionNode = FALSE
	EndGlobalSection
	GlobalSection(ExtensibilityGlobals) = postSolution
		SolutionGuid = {DDD643AF-0A84-40AB-97D9-91CE0329F22B}
	EndGlobalSection
EndGlobal
